
Microsoft Visual Studio Solution File, Format Version 12.00
# Visual Studio Version 17
VisualStudioVersion = 17.9.34310.174
MinimumVisualStudioVersion = 10.0.40219.1
Project("{FAE04EC0-301F-11D3-BF4B-00C04F79EFBC}") = "ca.whitaker.Graphics.BulkImageResize", "ca.whitaker.Graphics.BulkImageResize\ca.whitaker.Graphics.BulkImageResize.csproj", "{045A3AEE-8729-4B75-8D03-8D4786E85224}"
EndProject
Global
	GlobalSection(SolutionConfigurationPlatforms) = preSolution
		Debug|Any CPU = Debug|Any CPU
		Release|Any CPU = Release|Any CPU
	EndGlobalSection
	GlobalSection(ProjectConfigurationPlatforms) = postSolution
		{045A3AEE-8729-4B75-8D03-8D4786E85224}.Debug|Any CPU.ActiveCfg = Debug|Any CPU
		{045A3AEE-8729-4B75-8D03-8D4786E85224}.Debug|Any CPU.Build.0 = Debug|Any CPU
		{045A3AEE-8729-4B75-8D03-8D4786E85224}.Release|Any CPU.ActiveCfg = Release|Any CPU
		{045A3AEE-8729-4B75-8D03-8D4786E85224}.Release|Any CPU.Build.0 = Release|Any CPU
	EndGlobalSection
	GlobalSection(SolutionProperties) = preSolution
		HideSolutionNode = FALSE
	EndGlobalSection
	GlobalSection(ExtensibilityGlobals) = postSolution
		SolutionGuid = {542A68DA-9355-41CD-B4FA-B27E8BAD61BF}
	EndGlobalSection
EndGlobal
