
Microsoft Visual Studio Solution File, Format Version 12.00
# Visual Studio Version 17
VisualStudioVersion = 17.9.34310.174
MinimumVisualStudioVersion = 10.0.40219.1
Project("{9A19103F-16F7-4668-BE54-9A1E7A4F7556}") = "ca.whitaker.Graphics.BulkImageResize", "ca.whitaker.Graphics.BulkImageResize\ca.whitaker.Graphics.BulkImageResize.csproj", "{045A3AEE-8729-4B75-8D03-8D4786E85224}"
EndProject
Project("{2150E333-8FDC-42A3-9474-1A3956D46DE8}") = "Solution Items", "Solution Items", "{B0BF6811-3688-421D-BCF3-431B8D1BA663}"
	ProjectSection(SolutionItems) = preProject
		Solution Items\apple.png = Solution Items\apple.png
		Solution Items\facebook.png = Solution Items\facebook.png
		Solution Items\google.png = Solution Items\google.png
		Solution Items\linkedin.png = Solution Items\linkedin.png
		Solution Items\microsoft.png = Solution Items\microsoft.png
		Solution Items\signout.png = Solution Items\signout.png
	EndProjectSection
EndProject
Global
	GlobalSection(SolutionConfigurationPlatforms) = preSolution
		Debug|Any CPU = Debug|Any CPU
		Release|Any CPU = Release|Any CPU
	EndGlobalSection
	GlobalSection(ProjectConfigurationPlatforms) = postSolution
		{045A3AEE-8729-4B75-8D03-8D4786E85224}.Debug|Any CPU.ActiveCfg = Debug|Any CPU
		{045A3AEE-8729-4B75-8D03-8D4786E85224}.Debug|Any CPU.Build.0 = Debug|Any CPU
		{045A3AEE-8729-4B75-8D03-8D4786E85224}.Release|Any CPU.ActiveCfg = Release|Any CPU
		{045A3AEE-8729-4B75-8D03-8D4786E85224}.Release|Any CPU.Build.0 = Release|Any CPU
	EndGlobalSection
	GlobalSection(SolutionProperties) = preSolution
		HideSolutionNode = FALSE
	EndGlobalSection
	GlobalSection(ExtensibilityGlobals) = postSolution
		SolutionGuid = {542A68DA-9355-41CD-B4FA-B27E8BAD61BF}
	EndGlobalSection
EndGlobal
